{
  "name": "nconf-redis",
  "version": "0.3.1",
  "lockfileVersion": 1,
  "requires": true,
  "dependencies": {
    "@ioredis/commands": {
      "version": "1.2.0",
      "resolved": "https://registry.npmmirror.com/@ioredis/commands/-/commands-1.2.0.tgz",
      "integrity": "sha512-Sx1pU8EM64o2BrqNpEO1CNLtKQwyhuXuqyfH7oGKCk+1a33d2r5saW8zNwm3j6BTExtjrv2BxTgzzkMwts6vGg==",
      "dev": true
    },
    "async": {
      "version": "0.1.22",
      "resolved": "https://registry.npmmirror.com/async/-/async-0.1.22.tgz",
      "integrity": "sha512-2tEzliJmf5fHNafNwQLJXUasGzQCVctvsNkXmnlELHwypU0p08/rHohYvkqKIjyXpx+0rkrYv6QbhJ+UF4QkBg=="
    },
    "cluster-key-slot": {
      "version": "1.1.2",
      "resolved": "https://registry.npmmirror.com/cluster-key-slot/-/cluster-key-slot-1.1.2.tgz",
      "integrity": "sha512-RMr0FhtfXemyinomL4hrWcYJxmX6deFdCxpJzhDttxgO1+bcCnkk+9drydLVDmAMG7NE6aN/fl4F7ucU/90gAA==",
      "dev": true
    },
    "debug": {
      "version": "4.3.4",
      "resolved": "https://registry.npmmirror.com/debug/-/debug-4.3.4.tgz",
      "integrity": "sha512-PRWFHuSU3eDtQJPvnNY7Jcket1j0t5OuOsFzPPzsekD52Zl8qUfFIPEiswXqIvHWGVHOgX+7G/vCNNhehwxfkQ==",
      "dev": true,
      "requires": {
        "ms": "2.1.2"
      }
    },
    "denque": {
      "version": "2.1.0",
      "resolved": "https://registry.npmmirror.com/denque/-/denque-2.1.0.tgz",
      "integrity": "sha512-HVQE3AAb/pxF8fQAoiqpvg9i3evqug3hoiwakOyZAwJm+6vZehbkYXZ0l4JxS+I3QxM97v5aaRNhj8v5oBhekw==",
      "dev": true
    },
    "diff": {
      "version": "1.0.8",
      "resolved": "https://registry.npmmirror.com/diff/-/diff-1.0.8.tgz",
      "integrity": "sha512-1zEb73vemXFpUmfh3fsta4YHz3lwebxXvaWmPbFv9apujQBWDnkrPDLXLQs1gZo4RCWMDsT89r0Pf/z8/02TGA==",
      "dev": true
    },
    "eyes": {
      "version": "0.1.8",
      "resolved": "https://registry.npmmirror.com/eyes/-/eyes-0.1.8.tgz",
      "integrity": "sha512-GipyPsXO1anza0AOZdy69Im7hGFCNB7Y/NGjDlZGJ3GJJLtwNSb2vrzYrTYJRrRloVx7pl+bhUaTB8yiccPvFQ==",
      "dev": true
    },
    "ini": {
      "version": "1.3.8",
      "resolved": "https://registry.npmmirror.com/ini/-/ini-1.3.8.tgz",
      "integrity": "sha512-JV/yugV2uzW5iMRSiZAyDtQd+nxtUnjeLt0acNdw98kKLrvuRVyB80tsREOE7yvGVgalhZ6RNXCmEHkUKBKxew==",
      "dev": true
    },
    "ioredis": {
      "version": "5.2.4",
      "resolved": "https://registry.npmmirror.com/ioredis/-/ioredis-5.2.4.tgz",
      "integrity": "sha512-qIpuAEt32lZJQ0XyrloCRdlEdUUNGG9i0UOk6zgzK6igyudNWqEBxfH6OlbnOOoBBvr1WB02mm8fR55CnikRng==",
      "dev": true,
      "requires": {
        "@ioredis/commands": "^1.1.1",
        "cluster-key-slot": "^1.1.0",
        "debug": "^4.3.4",
        "denque": "^2.0.1",
        "lodash.defaults": "^4.2.0",
        "lodash.isarguments": "^3.1.0",
        "redis-errors": "^1.2.0",
        "redis-parser": "^3.0.0",
        "standard-as-callback": "^2.1.0"
      }
    },
    "lodash.defaults": {
      "version": "4.2.0",
      "resolved": "https://registry.npmmirror.com/lodash.defaults/-/lodash.defaults-4.2.0.tgz",
      "integrity": "sha512-qjxPLHd3r5DnsdGacqOMU6pb/avJzdh9tFX2ymgoZE27BmjXrNy/y4LoaiTeAb+O3gL8AfpJGtqfX/ae2leYYQ==",
      "dev": true
    },
    "lodash.isarguments": {
      "version": "3.1.0",
      "resolved": "https://registry.npmmirror.com/lodash.isarguments/-/lodash.isarguments-3.1.0.tgz",
      "integrity": "sha512-chi4NHZlZqZD18a0imDHnZPrDeBbTtVN7GXMwuGdRH9qotxAjYs3aVLKc7zNOG9eddR5Ksd8rvFEBc9SsggPpg==",
      "dev": true
    },
    "ms": {
      "version": "2.1.2",
      "resolved": "https://registry.npmmirror.com/ms/-/ms-2.1.2.tgz",
      "integrity": "sha512-sGkPx+VjMtmA6MX27oA4FBFELFCZZ4S4XqeGOXCv68tT+jb3vk/RyaKWP0PTKyWtmLSM0b+adUTEvbs1PEaH2w==",
      "dev": true
    },
    "nconf": {
      "version": "0.5.1",
      "resolved": "https://registry.npmmirror.com/nconf/-/nconf-0.5.1.tgz",
      "integrity": "sha512-Ztrgg5W0ftaVUyvkuiveyEBLmLd5hUdq8RX0S6xlazntCFBfNGT/kXL92UkWex/gyucDFNxic2sY5w9ROCkRuw==",
      "dev": true,
      "requires": {
        "async": "0.1.x",
        "ini": "1.x.x",
        "optimist": "0.3.x",
        "pkginfo": "0.2.x"
      }
    },
    "optimist": {
      "version": "0.3.7",
      "resolved": "https://registry.npmmirror.com/optimist/-/optimist-0.3.7.tgz",
      "integrity": "sha512-TCx0dXQzVtSCg2OgY/bO9hjM9cV4XYx09TVK+s3+FhkjT6LovsLe+pPMzpWf+6yXK/hUizs2gUoTw3jHM0VaTQ==",
      "dev": true,
      "requires": {
        "wordwrap": "~0.0.2"
      }
    },
    "pkginfo": {
      "version": "0.2.3",
      "resolved": "https://registry.npmmirror.com/pkginfo/-/pkginfo-0.2.3.tgz",
      "integrity": "sha512-7W7wTrE/NsY8xv/DTGjwNIyNah81EQH0MWcTzrHL6pOpMocOGZc0Mbdz9aXxSrp+U0mSmkU8jrNCDCfUs3sOBg==",
      "dev": true
    },
    "redis": {
      "version": "0.7.3",
      "resolved": "https://registry.npmmirror.com/redis/-/redis-0.7.3.tgz",
      "integrity": "sha512-0Pgb0jOLfn6eREtEIRn/ifyZJjl2H+wUY4F/Pe7T4UhmoSrZ/1HU5ZqiBpDk8I8Wbyv2N5DpXKzbEtMj3drprg=="
    },
    "redis-errors": {
      "version": "1.2.0",
      "resolved": "https://registry.npmmirror.com/redis-errors/-/redis-errors-1.2.0.tgz",
      "integrity": "sha512-1qny3OExCf0UvUV/5wpYKf2YwPcOqXzkwKKSmKHiE6ZMQs5heeE/c8eXK+PNllPvmjgAbfnsbpkGZWy8cBpn9w==",
      "dev": true
    },
    "redis-parser": {
      "version": "3.0.0",
      "resolved": "https://registry.npmmirror.com/redis-parser/-/redis-parser-3.0.0.tgz",
      "integrity": "sha512-DJnGAeenTdpMEH6uAJRK/uiyEIH9WVsUmoLwzudwGJUwZPp80PDBWPHXSAGNPwNvIXAbe7MSUB1zQFugFml66A==",
      "dev": true,
      "requires": {
        "redis-errors": "^1.0.0"
      }
    },
    "standard-as-callback": {
      "version": "2.1.0",
      "resolved": "https://registry.npmmirror.com/standard-as-callback/-/standard-as-callback-2.1.0.tgz",
      "integrity": "sha512-qoRRSyROncaz1z0mvYqIE4lCd9p2R90i6GxW3uZv5ucSu8tU7B5HXUP1gG8pVZsYNVaXjk8ClXHPttLyxAL48A==",
      "dev": true
    },
    "vows": {
      "version": "0.6.4",
      "resolved": "https://registry.npmmirror.com/vows/-/vows-0.6.4.tgz",
      "integrity": "sha512-CnnxhTuz08RHlAEagUSH6806IMxlOvYK5Nz5CyRGaqk9m2qVsP/0vtNBtU9rUS0TTrx3JYmPtHwIELaf+91t0Q==",
      "dev": true,
      "requires": {
        "diff": "~1.0.3",
        "eyes": ">=0.1.6"
      }
    },
    "wordwrap": {
      "version": "0.0.3",
      "resolved": "https://registry.npmmirror.com/wordwrap/-/wordwrap-0.0.3.tgz",
      "integrity": "sha512-1tMA907+V4QmxV7dbRvb4/8MaRALK6q9Abid3ndMYnbyo8piisCmeONVqVSXqQA3KaP4SLt5b7ud6E2sqP8TFw==",
      "dev": true
    }
  }
}
